<?xml version="1.0" encoding="utf-8"?>
<Project ToolsVersion="4.0" xmlns="http://schemas.microsoft.com/developer/msbuild/2003">
  <ItemGroup>
    <Filter Include="Source Files">
      <UniqueIdentifier>{4FC737F1-C7A5-4376-A066-2A32D752A2FF}</UniqueIdentifier>
      <Extensions>cpp;c;cc;cxx;def;odl;idl;hpj;bat;asm;asmx</Extensions>
    </Filter>
    <Filter Include="Header Files">
      <UniqueIdentifier>{93995380-89BD-4b04-88EB-625FBE52EBFB}</UniqueIdentifier>
      <Extensions>h;hh;hpp;hxx;hm;inl;inc;xsd</Extensions>
    </Filter>
    <Filter Include="Resource Files">
      <UniqueIdentifier>{67DA6AB6-F800-4c08-8B7A-83BB121AAD01}</UniqueIdentifier>
      <Extensions>rc;ico;cur;bmp;dlg;rc2;rct;bin;rgs;gif;jpg;jpeg;jpe;resx;tiff;tif;png;wav</Extensions>
    </Filter>
  </ItemGroup>
  <ItemGroup>
    <ClCompile Include="main.cpp">
      <Filter>Source Files</Filter>
    </ClCompile>
    <ClCompile Include="src\DrawlerDeffered.cpp">
      <Filter>Source Files</Filter>
    </ClCompile>
    <ClCompile Include="src\WindowGL.cpp">
      <Filter>Source Files</Filter>
    </ClCompile>
    <ClCompile Include="src\HeighMapDrawler.cpp">
      <Filter>Source Files</Filter>
    </ClCompile>
    <ClCompile Include="src\RCamera.cpp">
      <Filter>Source Files</Filter>
    </ClCompile>
    <ClCompile Include="src\DrawableGL.cpp">
      <Filter>Source Files</Filter>
    </ClCompile>
    <ClCompile Include="src\REventer.cpp">
      <Filter>Source Files</Filter>
    </ClCompile>
    <ClCompile Include="src\RFileLoader.cpp">
      <Filter>Source Files</Filter>
    </ClCompile>
    <ClCompile Include="src\Base.cpp">
      <Filter>Source Files</Filter>
    </ClCompile>
    <ClCompile Include="src\RFileParser.cpp">
      <Filter>Source Files</Filter>
    </ClCompile>
    <ClCompile Include="src\RModels.cpp">
      <Filter>Source Files</Filter>
    </ClCompile>
    <ClCompile Include="src\RPassGL.cpp">
      <Filter>Source Files</Filter>
    </ClCompile>
    <ClCompile Include="src\RTextures.cpp">
      <Filter>Source Files</Filter>
    </ClCompile>
    <ClCompile Include="src\RTexturesGL.cpp">
      <Filter>Source Files</Filter>
    </ClCompile>
    <ClCompile Include="src\RViewModels.cpp">
      <Filter>Source Files</Filter>
    </ClCompile>
    <ClCompile Include="src\RViewModelsGL.cpp">
      <Filter>Source Files</Filter>
    </ClCompile>
    <ClCompile Include="src\vec.cpp">
      <Filter>Source Files</Filter>
    </ClCompile>
    <ClCompile Include="src\ViewEngineGL.cpp">
      <Filter>Source Files</Filter>
    </ClCompile>
    <ClCompile Include="src\WaterSimulator.cpp">
      <Filter>Source Files</Filter>
    </ClCompile>
    <ClCompile Include="src\RAnimGL.cpp">
      <Filter>Source Files</Filter>
    </ClCompile>
    <ClCompile Include="src\mat.cpp">
      <Filter>Source Files</Filter>
    </ClCompile>
    <ClCompile Include="src\SelectionDrawler.cpp">
      <Filter>Source Files</Filter>
    </ClCompile>
    <ClCompile Include="src\Blurer.cpp">
      <Filter>Source Files</Filter>
    </ClCompile>
  </ItemGroup>
  <ItemGroup>
    <ClInclude Include="base\Parallel.h">
      <Filter>Header Files</Filter>
    </ClInclude>
    <ClInclude Include="base\RBase.h">
      <Filter>Header Files</Filter>
    </ClInclude>
    <ClInclude Include="base\REventer.h">
      <Filter>Header Files</Filter>
    </ClInclude>
    <ClInclude Include="base\RFileloader.h">
      <Filter>Header Files</Filter>
    </ClInclude>
    <ClInclude Include="base\RModels.h">
      <Filter>Header Files</Filter>
    </ClInclude>
    <ClInclude Include="linalg\mat.h">
      <Filter>Header Files</Filter>
    </ClInclude>
    <ClInclude Include="linalg\vec.h">
      <Filter>Header Files</Filter>
    </ClInclude>
    <ClInclude Include="view\GL.h">
      <Filter>Header Files</Filter>
    </ClInclude>
    <ClInclude Include="view\3dgl\RAnim.h">
      <Filter>Header Files</Filter>
    </ClInclude>
    <ClInclude Include="view\3dgl\RAnimGL.h">
      <Filter>Header Files</Filter>
    </ClInclude>
    <ClInclude Include="view\3dgl\RDrawable.h">
      <Filter>Header Files</Filter>
    </ClInclude>
    <ClInclude Include="view\3dgl\RDrawableGL.h">
      <Filter>Header Files</Filter>
    </ClInclude>
    <ClInclude Include="view\3dgl\RLight.h">
      <Filter>Header Files</Filter>
    </ClInclude>
    <ClInclude Include="view\3dgl\RLightGL.h">
      <Filter>Header Files</Filter>
    </ClInclude>
    <ClInclude Include="view\3dgl\RPassDesc.h">
      <Filter>Header Files</Filter>
    </ClInclude>
    <ClInclude Include="view\3dgl\RPassGL.h">
      <Filter>Header Files</Filter>
    </ClInclude>
    <ClInclude Include="view\3dgl\RTextures.h">
      <Filter>Header Files</Filter>
    </ClInclude>
    <ClInclude Include="view\3dgl\RTexturesGL.h">
      <Filter>Header Files</Filter>
    </ClInclude>
    <ClInclude Include="view\3dgl\RVertex.h">
      <Filter>Header Files</Filter>
    </ClInclude>
    <ClInclude Include="view\3dgl\RViewModelsGL.h">
      <Filter>Header Files</Filter>
    </ClInclude>
    <ClInclude Include="view\3dgl\ShaderSpecs.h">
      <Filter>Header Files</Filter>
    </ClInclude>
    <ClInclude Include="view\3dgl\WaterSimulator.h">
      <Filter>Header Files</Filter>
    </ClInclude>
    <ClInclude Include="view\WindowGL.h">
      <Filter>Header Files</Filter>
    </ClInclude>
    <ClInclude Include="view\export\ViewInterface.h">
      <Filter>Header Files</Filter>
    </ClInclude>
    <ClInclude Include="view\ViewEngineGL.h">
      <Filter>Header Files</Filter>
    </ClInclude>
    <ClInclude Include="view\export\RViewModels.h">
      <Filter>Header Files</Filter>
    </ClInclude>
    <ClInclude Include="base\RFileParser.h">
      <Filter>Header Files</Filter>
    </ClInclude>
    <ClInclude Include="view\3dgl\HeighMapDrawler.h">
      <Filter>Header Files</Filter>
    </ClInclude>
    <ClInclude Include="view\gui\gl\GUIRendererGL.h">
      <Filter>Header Files</Filter>
    </ClInclude>
    <ClInclude Include="view\3dgl\DrawlerDeffered.h">
      <Filter>Header Files</Filter>
    </ClInclude>
    <ClInclude Include="view\export\RCamera.h">
      <Filter>Header Files</Filter>
    </ClInclude>
    <ClInclude Include="GlslDefines.h">
      <Filter>Header Files</Filter>
    </ClInclude>
    <ClInclude Include="view\3dgl\SelectionDrawler.h">
      <Filter>Header Files</Filter>
    </ClInclude>
    <ClInclude Include="view\3dgl\Blurer.h">
      <Filter>Header Files</Filter>
    </ClInclude>
  </ItemGroup>
  <ItemGroup>
    <None Include="res\view\polymodels\monkey.bin">
      <Filter>Resource Files</Filter>
    </None>
    <None Include="res\view\polymodels\tower.bin">
      <Filter>Resource Files</Filter>
    </None>
  </ItemGroup>
</Project>