<?xml version="1.0" encoding="utf-8"?>
<Project ToolsVersion="4.0" xmlns="http://schemas.microsoft.com/developer/msbuild/2003">
  <ItemGroup>
    <Filter Include="Source Files">
      <UniqueIdentifier>{4FC737F1-C7A5-4376-A066-2A32D752A2FF}</UniqueIdentifier>
      <Extensions>cpp;c;cc;cxx;def;odl;idl;hpj;bat;asm;asmx</Extensions>
    </Filter>
    <Filter Include="Header Files">
      <UniqueIdentifier>{93995380-89BD-4b04-88EB-625FBE52EBFB}</UniqueIdentifier>
      <Extensions>h;hh;hpp;hxx;hm;inl;inc;xsd</Extensions>
    </Filter>
    <Filter Include="Resource Files">
      <UniqueIdentifier>{67DA6AB6-F800-4c08-8B7A-83BB121AAD01}</UniqueIdentifier>
      <Extensions>rc;ico;cur;bmp;dlg;rc2;rct;bin;rgs;gif;jpg;jpeg;jpe;resx;tiff;tif;png;wav</Extensions>
    </Filter>
    <Filter Include="opengl">
      <UniqueIdentifier>{9d0b0ee8-537e-4123-a78c-746e998686e0}</UniqueIdentifier>
    </Filter>
    <Filter Include="base">
      <UniqueIdentifier>{e470e9a0-dc99-4633-817e-95cd0c9e13c8}</UniqueIdentifier>
    </Filter>
    <Filter Include="localview">
      <UniqueIdentifier>{a67fce83-8a3e-42b7-a847-ab1ac1ccddf0}</UniqueIdentifier>
    </Filter>
    <Filter Include="view">
      <UniqueIdentifier>{c4885df8-cb16-467d-afe9-95ef6e94c5c6}</UniqueIdentifier>
    </Filter>
    <Filter Include="linalg">
      <UniqueIdentifier>{1f0baaac-ba05-4a19-9038-31854d7ebbe1}</UniqueIdentifier>
    </Filter>
  </ItemGroup>
  <ItemGroup>
    <ClCompile Include="main.cpp">
      <Filter>Source Files</Filter>
    </ClCompile>
    <ClCompile Include="src\DrawlerDeffered.cpp">
      <Filter>localview</Filter>
    </ClCompile>
    <ClCompile Include="src\HeighMapDrawler.cpp">
      <Filter>localview</Filter>
    </ClCompile>
    <ClCompile Include="src\WaterSimulator.cpp">
      <Filter>localview</Filter>
    </ClCompile>
    <ClCompile Include="src\SelectionDrawler.cpp">
      <Filter>localview</Filter>
    </ClCompile>
    <ClCompile Include="src\ViewEngineGL.cpp">
      <Filter>localview</Filter>
    </ClCompile>
    <ClCompile Include="..\..\libs\lib\openGL\souce\AnimGL.cpp">
      <Filter>opengl</Filter>
    </ClCompile>
    <ClCompile Include="..\..\libs\lib\openGL\souce\Blurer.cpp">
      <Filter>opengl</Filter>
    </ClCompile>
    <ClCompile Include="..\..\libs\lib\openGL\souce\DrawableGL.cpp">
      <Filter>opengl</Filter>
    </ClCompile>
    <ClCompile Include="..\..\libs\lib\openGL\souce\PassGL.cpp">
      <Filter>opengl</Filter>
    </ClCompile>
    <ClCompile Include="..\..\libs\lib\openGL\souce\TexturesGL.cpp">
      <Filter>opengl</Filter>
    </ClCompile>
    <ClCompile Include="..\..\libs\lib\openGL\souce\ViewModelsGL.cpp">
      <Filter>opengl</Filter>
    </ClCompile>
    <ClCompile Include="..\..\libs\lib\openGL\souce\WindowGL.cpp">
      <Filter>opengl</Filter>
    </ClCompile>
    <ClCompile Include="..\..\libs\lib\base\source\Base.cpp">
      <Filter>base</Filter>
    </ClCompile>
    <ClCompile Include="..\..\libs\lib\base\source\Eventer.cpp">
      <Filter>base</Filter>
    </ClCompile>
    <ClCompile Include="..\..\libs\lib\base\source\FileLoader.cpp">
      <Filter>base</Filter>
    </ClCompile>
    <ClCompile Include="..\..\libs\lib\base\source\FileParser.cpp">
      <Filter>base</Filter>
    </ClCompile>
    <ClCompile Include="..\..\libs\lib\view\source\Camera.cpp">
      <Filter>view</Filter>
    </ClCompile>
    <ClCompile Include="..\..\libs\lib\view\source\Models.cpp">
      <Filter>view</Filter>
    </ClCompile>
    <ClCompile Include="..\..\libs\lib\view\source\Textures.cpp">
      <Filter>view</Filter>
    </ClCompile>
    <ClCompile Include="..\..\libs\lib\view\source\ViewModels.cpp">
      <Filter>view</Filter>
    </ClCompile>
    <ClCompile Include="..\..\libs\lib\linalg\source\mat.cpp">
      <Filter>linalg</Filter>
    </ClCompile>
    <ClCompile Include="..\..\libs\lib\linalg\source\vec.cpp">
      <Filter>linalg</Filter>
    </ClCompile>
    <ClCompile Include="..\..\libs\lib\view\GUIProcessor.cpp">
      <Filter>view</Filter>
    </ClCompile>
    <ClCompile Include="view\FogDrawler.cpp">
      <Filter>localview</Filter>
    </ClCompile>
  </ItemGroup>
  <ItemGroup>
    <None Include="res\view\polymodels\monkey.bin">
      <Filter>Resource Files</Filter>
    </None>
    <None Include="res\view\polymodels\tower.bin">
      <Filter>Resource Files</Filter>
    </None>
  </ItemGroup>
  <ItemGroup>
    <ClInclude Include="view\WaterSimulator.h">
      <Filter>localview</Filter>
    </ClInclude>
    <ClInclude Include="view\DrawlerDeffered.h">
      <Filter>localview</Filter>
    </ClInclude>
    <ClInclude Include="view\HeighMapDrawler.h">
      <Filter>localview</Filter>
    </ClInclude>
    <ClInclude Include="view\SelectionDrawler.h">
      <Filter>localview</Filter>
    </ClInclude>
    <ClInclude Include="view\ViewEngineGL.h">
      <Filter>localview</Filter>
    </ClInclude>
    <ClInclude Include="view\export\ViewInterface.h">
      <Filter>localview</Filter>
    </ClInclude>
    <ClInclude Include="..\..\libs\lib\openGL\AnimGL.h">
      <Filter>opengl</Filter>
    </ClInclude>
    <ClInclude Include="..\..\libs\lib\openGL\Blurer.h">
      <Filter>opengl</Filter>
    </ClInclude>
    <ClInclude Include="..\..\libs\lib\openGL\DrawableGL.h">
      <Filter>opengl</Filter>
    </ClInclude>
    <ClInclude Include="..\..\libs\lib\openGL\GLincludes.h">
      <Filter>opengl</Filter>
    </ClInclude>
    <ClInclude Include="..\..\libs\lib\openGL\GUIRendererGL.h">
      <Filter>opengl</Filter>
    </ClInclude>
    <ClInclude Include="..\..\libs\lib\openGL\Light.h">
      <Filter>opengl</Filter>
    </ClInclude>
    <ClInclude Include="..\..\libs\lib\openGL\LightGL.h">
      <Filter>opengl</Filter>
    </ClInclude>
    <ClInclude Include="..\..\libs\lib\openGL\PassGL.h">
      <Filter>opengl</Filter>
    </ClInclude>
    <ClInclude Include="..\..\libs\lib\openGL\TexturesGL.h">
      <Filter>opengl</Filter>
    </ClInclude>
    <ClInclude Include="..\..\libs\lib\openGL\ViewModelsGL.h">
      <Filter>opengl</Filter>
    </ClInclude>
    <ClInclude Include="..\..\libs\lib\openGL\WindowGL.h">
      <Filter>opengl</Filter>
    </ClInclude>
    <ClInclude Include="..\..\libs\lib\base\Base.h">
      <Filter>base</Filter>
    </ClInclude>
    <ClInclude Include="..\..\libs\lib\base\Eventer.h">
      <Filter>base</Filter>
    </ClInclude>
    <ClInclude Include="..\..\libs\lib\base\Fileloader.h">
      <Filter>base</Filter>
    </ClInclude>
    <ClInclude Include="..\..\libs\lib\base\FileParser.h">
      <Filter>base</Filter>
    </ClInclude>
    <ClInclude Include="..\..\libs\lib\base\Parallel.h">
      <Filter>base</Filter>
    </ClInclude>
    <ClInclude Include="..\..\libs\lib\view\Anim.h">
      <Filter>view</Filter>
    </ClInclude>
    <ClInclude Include="..\..\libs\lib\view\Camera.h">
      <Filter>view</Filter>
    </ClInclude>
    <ClInclude Include="..\..\libs\lib\view\Drawable.h">
      <Filter>view</Filter>
    </ClInclude>
    <ClInclude Include="..\..\libs\lib\view\Models.h">
      <Filter>view</Filter>
    </ClInclude>
    <ClInclude Include="..\..\libs\lib\view\PassDesc.h">
      <Filter>view</Filter>
    </ClInclude>
    <ClInclude Include="..\..\libs\lib\view\ShaderSpecs.h">
      <Filter>view</Filter>
    </ClInclude>
    <ClInclude Include="..\..\libs\lib\view\Textures.h">
      <Filter>view</Filter>
    </ClInclude>
    <ClInclude Include="..\..\libs\lib\view\Vertex.h">
      <Filter>view</Filter>
    </ClInclude>
    <ClInclude Include="..\..\libs\lib\view\ViewModels.h">
      <Filter>view</Filter>
    </ClInclude>
    <ClInclude Include="..\..\libs\lib\linalg\mat.h">
      <Filter>linalg</Filter>
    </ClInclude>
    <ClInclude Include="..\..\libs\lib\linalg\vec.h">
      <Filter>linalg</Filter>
    </ClInclude>
    <ClInclude Include="..\..\libs\lib\view\GUIProcessor.h">
      <Filter>view</Filter>
    </ClInclude>
    <ClInclude Include="..\..\libs\lib\view\GUILayot.h">
      <Filter>view</Filter>
    </ClInclude>
    <ClInclude Include="view\FogDrawler.h">
      <Filter>localview</Filter>
    </ClInclude>
  </ItemGroup>
</Project>